
Microsoft Visual Studio Solution File, Format Version 12.00
# Visual Studio Version 17
VisualStudioVersion = 17.3.32929.385
MinimumVisualStudioVersion = 10.0.40219.1
Project("{FAE04EC0-301F-11D3-BF4B-00C04F79EFBC}") = "cicdApplication", "cicdApplication\cicdApplication.csproj", "{591590B0-F381-41C5-BA40-F65D8BE1F8D1}"
EndProject
Global
	GlobalSection(SolutionConfigurationPlatforms) = preSolution
		Debug|Any CPU = Debug|Any CPU
		Release|Any CPU = Release|Any CPU
	EndGlobalSection
	GlobalSection(ProjectConfigurationPlatforms) = postSolution
		{591590B0-F381-41C5-BA40-F65D8BE1F8D1}.Debug|Any CPU.ActiveCfg = Debug|Any CPU
		{591590B0-F381-41C5-BA40-F65D8BE1F8D1}.Debug|Any CPU.Build.0 = Debug|Any CPU
		{591590B0-F381-41C5-BA40-F65D8BE1F8D1}.Release|Any CPU.ActiveCfg = Release|Any CPU
		{591590B0-F381-41C5-BA40-F65D8BE1F8D1}.Release|Any CPU.Build.0 = Release|Any CPU
	EndGlobalSection
	GlobalSection(SolutionProperties) = preSolution
		HideSolutionNode = FALSE
	EndGlobalSection
	GlobalSection(ExtensibilityGlobals) = postSolution
		SolutionGuid = {5C2BFD42-E68A-4FD5-8BC1-D2D688B98E8C}
	EndGlobalSection
EndGlobal
